
Microsoft Visual Studio Solution File, Format Version 12.00
# Visual Studio Version 17
VisualStudioVersion = 17.0.31903.59
MinimumVisualStudioVersion = 10.0.40219.1
Project("{FAE04EC0-301F-11D3-BF4B-00C04F79EFBC}") = "MindLated", "MindLated.csproj", "{3E763D0C-4063-44F2-A7A2-8D1F3A8A4C9D}"
EndProject
Global
	GlobalSection(SolutionConfigurationPlatforms) = preSolution
		Debug|Any CPU = Debug|Any CPU
		Release|Any CPU = Release|Any CPU
	EndGlobalSection
	GlobalSection(ProjectConfigurationPlatforms) = postSolution
		{3E763D0C-4063-44F2-A7A2-8D1F3A8A4C9D}.Debug|Any CPU.ActiveCfg = Debug|Any CPU
		{3E763D0C-4063-44F2-A7A2-8D1F3A8A4C9D}.Debug|Any CPU.Build.0 = Debug|Any CPU
		{3E763D0C-4063-44F2-A7A2-8D1F3A8A4C9D}.Release|Any CPU.ActiveCfg = Release|Any CPU
		{3E763D0C-4063-44F2-A7A2-8D1F3A8A4C9D}.Release|Any CPU.Build.0 = Release|Any CPU
	EndGlobalSection
	GlobalSection(SolutionProperties) = preSolution
		HideSolutionNode = FALSE
	EndGlobalSection
	GlobalSection(ExtensibilityGlobals) = postSolution
		SolutionGuid = {276CB31F-229B-4C1C-A6C3-56D93547FA9E}
	EndGlobalSection
EndGlobal
